
Microsoft Visual Studio Solution File, Format Version 12.00
# Visual Studio Version 17
VisualStudioVersion = 17.14.36401.2 d17.14
MinimumVisualStudioVersion = 10.0.40219.1
Project("{FAE04EC0-301F-11D3-BF4B-00C04F79EFBC}") = "BTL_C#", "BTL_C#\BTL_C#.csproj", "{02FD39B5-64D7-4910-B680-2F3B4C2F3A81}"
EndProject
Global
	GlobalSection(SolutionConfigurationPlatforms) = preSolution
		Debug|Any CPU = Debug|Any CPU
		Release|Any CPU = Release|Any CPU
	EndGlobalSection
	GlobalSection(ProjectConfigurationPlatforms) = postSolution
		{02FD39B5-64D7-4910-B680-2F3B4C2F3A81}.Debug|Any CPU.ActiveCfg = Debug|Any CPU
		{02FD39B5-64D7-4910-B680-2F3B4C2F3A81}.Debug|Any CPU.Build.0 = Debug|Any CPU
		{02FD39B5-64D7-4910-B680-2F3B4C2F3A81}.Release|Any CPU.ActiveCfg = Release|Any CPU
		{02FD39B5-64D7-4910-B680-2F3B4C2F3A81}.Release|Any CPU.Build.0 = Release|Any CPU
	EndGlobalSection
	GlobalSection(SolutionProperties) = preSolution
		HideSolutionNode = FALSE
	EndGlobalSection
	GlobalSection(ExtensibilityGlobals) = postSolution
		SolutionGuid = {FBE36FAB-FE69-450E-A211-752A835117A0}
	EndGlobalSection
EndGlobal
